
Microsoft Visual Studio Solution File, Format Version 12.00
# Visual Studio Version 16
VisualStudioVersion = 16.0.30907.101
MinimumVisualStudioVersion = 10.0.40219.1
Project("{9A19103F-16F7-4668-BE54-9A1E7A4F7556}") = "GpxViewer", "GpxViewer\GpxViewer.csproj", "{ABE826E5-F3F9-496A-AADB-58442D66DF14}"
EndProject
Project("{2150E333-8FDC-42A3-9474-1A3956D46DE8}") = "_Root", "_Root", "{FE293C28-A70D-44D7-9516-9C258B831AF1}"
	ProjectSection(SolutionItems) = preProject
		..\.gitignore = ..\.gitignore
		..\LICENSE = ..\LICENSE
		..\pull-subtrees.ps1 = ..\pull-subtrees.ps1
		..\push-subtrees-firlib.ps1 = ..\push-subtrees-firlib.ps1
		..\push-subtrees-mapsui.ps1 = ..\push-subtrees-mapsui.ps1
	EndProjectSection
EndProject
Project("{2150E333-8FDC-42A3-9474-1A3956D46DE8}") = "subtrees", "subtrees", "{789BC6D1-055B-48D5-A61B-1FF6AD19F37F}"
EndProject
Project("{9A19103F-16F7-4668-BE54-9A1E7A4F7556}") = "FirLib.Core", "..\subtrees\FirLib\src\FirLib.Core\FirLib.Core.csproj", "{2A2AED22-A9FE-496A-91D2-C08D75A07C73}"
EndProject
Project("{9A19103F-16F7-4668-BE54-9A1E7A4F7556}") = "FirLib.Core.Wpf", "..\subtrees\FirLib\src\FirLib.Core.Wpf\FirLib.Core.Wpf.csproj", "{AD89CDBF-A4E7-4EB3-972C-FF996C0D2A10}"
EndProject
Project("{9A19103F-16F7-4668-BE54-9A1E7A4F7556}") = "FirLib.Formats.Gpx", "..\subtrees\FirLib\src\FirLib.Formats.Gpx\FirLib.Formats.Gpx.csproj", "{3A97D992-F06A-4C2A-A486-276250C40CBC}"
EndProject
Project("{2150E333-8FDC-42A3-9474-1A3956D46DE8}") = "FirLib", "FirLib", "{82952984-3B22-4EC8-8210-8883DF7336A1}"
EndProject
Project("{2150E333-8FDC-42A3-9474-1A3956D46DE8}") = "Mapsui", "Mapsui", "{60AA90C3-83C7-434B-8DDD-4DF7080F320F}"
EndProject
Project("{9A19103F-16F7-4668-BE54-9A1E7A4F7556}") = "Mapsui", "..\subtrees\Mapsui\Mapsui\Mapsui.csproj", "{780AEE82-BC8B-46B2-B2A5-6DA9FD44C18A}"
EndProject
Project("{9A19103F-16F7-4668-BE54-9A1E7A4F7556}") = "Mapsui.Rendering.Skia", "..\subtrees\Mapsui\Mapsui.Rendering.Skia\Mapsui.Rendering.Skia.csproj", "{B116B756-61FA-49F3-8A10-C7CFB1603886}"
EndProject
Project("{9A19103F-16F7-4668-BE54-9A1E7A4F7556}") = "Mapsui.Rendering.Xaml", "..\subtrees\Mapsui\Mapsui.Rendering.Xaml\Mapsui.Rendering.Xaml.csproj", "{FBE2308B-9BAA-44CB-8278-7B776FA45C7F}"
EndProject
Project("{9A19103F-16F7-4668-BE54-9A1E7A4F7556}") = "Mapsui.UI.Wpf", "..\subtrees\Mapsui\Mapsui.UI.Wpf\Mapsui.UI.Wpf.csproj", "{FB142F3F-DF93-4FBF-B1CE-F3C3E356AAA5}"
EndProject
Project("{9A19103F-16F7-4668-BE54-9A1E7A4F7556}") = "Mapsui.Geometries", "..\subtrees\Mapsui\Mapsui.Geometries\Mapsui.Geometries.csproj", "{22F28B51-5BFE-4C98-9925-912A85188FCE}"
EndProject
Global
	GlobalSection(SharedMSBuildProjectFiles) = preSolution
		..\subtrees\Mapsui\Mapsui.UI.Shared\Mapsui.UI.Shared.projitems*{fb142f3f-df93-4fbf-b1ce-f3c3e356aaa5}*SharedItemsImports = 5
	EndGlobalSection
	GlobalSection(SolutionConfigurationPlatforms) = preSolution
		Debug|Any CPU = Debug|Any CPU
		Release|Any CPU = Release|Any CPU
	EndGlobalSection
	GlobalSection(ProjectConfigurationPlatforms) = postSolution
		{ABE826E5-F3F9-496A-AADB-58442D66DF14}.Debug|Any CPU.ActiveCfg = Debug|Any CPU
		{ABE826E5-F3F9-496A-AADB-58442D66DF14}.Debug|Any CPU.Build.0 = Debug|Any CPU
		{ABE826E5-F3F9-496A-AADB-58442D66DF14}.Release|Any CPU.ActiveCfg = Release|Any CPU
		{ABE826E5-F3F9-496A-AADB-58442D66DF14}.Release|Any CPU.Build.0 = Release|Any CPU
		{2A2AED22-A9FE-496A-91D2-C08D75A07C73}.Debug|Any CPU.ActiveCfg = Debug|Any CPU
		{2A2AED22-A9FE-496A-91D2-C08D75A07C73}.Debug|Any CPU.Build.0 = Debug|Any CPU
		{2A2AED22-A9FE-496A-91D2-C08D75A07C73}.Release|Any CPU.ActiveCfg = Release|Any CPU
		{2A2AED22-A9FE-496A-91D2-C08D75A07C73}.Release|Any CPU.Build.0 = Release|Any CPU
		{AD89CDBF-A4E7-4EB3-972C-FF996C0D2A10}.Debug|Any CPU.ActiveCfg = Debug|Any CPU
		{AD89CDBF-A4E7-4EB3-972C-FF996C0D2A10}.Debug|Any CPU.Build.0 = Debug|Any CPU
		{AD89CDBF-A4E7-4EB3-972C-FF996C0D2A10}.Release|Any CPU.ActiveCfg = Release|Any CPU
		{AD89CDBF-A4E7-4EB3-972C-FF996C0D2A10}.Release|Any CPU.Build.0 = Release|Any CPU
		{3A97D992-F06A-4C2A-A486-276250C40CBC}.Debug|Any CPU.ActiveCfg = Debug|Any CPU
		{3A97D992-F06A-4C2A-A486-276250C40CBC}.Debug|Any CPU.Build.0 = Debug|Any CPU
		{3A97D992-F06A-4C2A-A486-276250C40CBC}.Release|Any CPU.ActiveCfg = Release|Any CPU
		{3A97D992-F06A-4C2A-A486-276250C40CBC}.Release|Any CPU.Build.0 = Release|Any CPU
		{780AEE82-BC8B-46B2-B2A5-6DA9FD44C18A}.Debug|Any CPU.ActiveCfg = Debug|Any CPU
		{780AEE82-BC8B-46B2-B2A5-6DA9FD44C18A}.Debug|Any CPU.Build.0 = Debug|Any CPU
		{780AEE82-BC8B-46B2-B2A5-6DA9FD44C18A}.Release|Any CPU.ActiveCfg = Release|Any CPU
		{780AEE82-BC8B-46B2-B2A5-6DA9FD44C18A}.Release|Any CPU.Build.0 = Release|Any CPU
		{B116B756-61FA-49F3-8A10-C7CFB1603886}.Debug|Any CPU.ActiveCfg = Debug|Any CPU
		{B116B756-61FA-49F3-8A10-C7CFB1603886}.Debug|Any CPU.Build.0 = Debug|Any CPU
		{B116B756-61FA-49F3-8A10-C7CFB1603886}.Release|Any CPU.ActiveCfg = Release|Any CPU
		{B116B756-61FA-49F3-8A10-C7CFB1603886}.Release|Any CPU.Build.0 = Release|Any CPU
		{FBE2308B-9BAA-44CB-8278-7B776FA45C7F}.Debug|Any CPU.ActiveCfg = Debug|Any CPU
		{FBE2308B-9BAA-44CB-8278-7B776FA45C7F}.Debug|Any CPU.Build.0 = Debug|Any CPU
		{FBE2308B-9BAA-44CB-8278-7B776FA45C7F}.Release|Any CPU.ActiveCfg = Release|Any CPU
		{FBE2308B-9BAA-44CB-8278-7B776FA45C7F}.Release|Any CPU.Build.0 = Release|Any CPU
		{FB142F3F-DF93-4FBF-B1CE-F3C3E356AAA5}.Debug|Any CPU.ActiveCfg = Debug|Any CPU
		{FB142F3F-DF93-4FBF-B1CE-F3C3E356AAA5}.Debug|Any CPU.Build.0 = Debug|Any CPU
		{FB142F3F-DF93-4FBF-B1CE-F3C3E356AAA5}.Release|Any CPU.ActiveCfg = Release|Any CPU
		{FB142F3F-DF93-4FBF-B1CE-F3C3E356AAA5}.Release|Any CPU.Build.0 = Release|Any CPU
		{22F28B51-5BFE-4C98-9925-912A85188FCE}.Debug|Any CPU.ActiveCfg = Debug|Any CPU
		{22F28B51-5BFE-4C98-9925-912A85188FCE}.Debug|Any CPU.Build.0 = Debug|Any CPU
		{22F28B51-5BFE-4C98-9925-912A85188FCE}.Release|Any CPU.ActiveCfg = Release|Any CPU
		{22F28B51-5BFE-4C98-9925-912A85188FCE}.Release|Any CPU.Build.0 = Release|Any CPU
	EndGlobalSection
	GlobalSection(SolutionProperties) = preSolution
		HideSolutionNode = FALSE
	EndGlobalSection
	GlobalSection(NestedProjects) = preSolution
		{789BC6D1-055B-48D5-A61B-1FF6AD19F37F} = {FE293C28-A70D-44D7-9516-9C258B831AF1}
		{2A2AED22-A9FE-496A-91D2-C08D75A07C73} = {82952984-3B22-4EC8-8210-8883DF7336A1}
		{AD89CDBF-A4E7-4EB3-972C-FF996C0D2A10} = {82952984-3B22-4EC8-8210-8883DF7336A1}
		{3A97D992-F06A-4C2A-A486-276250C40CBC} = {82952984-3B22-4EC8-8210-8883DF7336A1}
		{82952984-3B22-4EC8-8210-8883DF7336A1} = {789BC6D1-055B-48D5-A61B-1FF6AD19F37F}
		{60AA90C3-83C7-434B-8DDD-4DF7080F320F} = {789BC6D1-055B-48D5-A61B-1FF6AD19F37F}
		{780AEE82-BC8B-46B2-B2A5-6DA9FD44C18A} = {60AA90C3-83C7-434B-8DDD-4DF7080F320F}
		{B116B756-61FA-49F3-8A10-C7CFB1603886} = {60AA90C3-83C7-434B-8DDD-4DF7080F320F}
		{FBE2308B-9BAA-44CB-8278-7B776FA45C7F} = {60AA90C3-83C7-434B-8DDD-4DF7080F320F}
		{FB142F3F-DF93-4FBF-B1CE-F3C3E356AAA5} = {60AA90C3-83C7-434B-8DDD-4DF7080F320F}
		{22F28B51-5BFE-4C98-9925-912A85188FCE} = {60AA90C3-83C7-434B-8DDD-4DF7080F320F}
	EndGlobalSection
	GlobalSection(ExtensibilityGlobals) = postSolution
		SolutionGuid = {310B6985-646D-4ACE-AB15-42C7B617D16A}
	EndGlobalSection
EndGlobal
