
Microsoft Visual Studio Solution File, Format Version 12.00
# Visual Studio Version 16
VisualStudioVersion = 16.0.30907.101
MinimumVisualStudioVersion = 10.0.40219.1
Project("{2150E333-8FDC-42A3-9474-1A3956D46DE8}") = "_Root", "_Root", "{FE293C28-A70D-44D7-9516-9C258B831AF1}"
	ProjectSection(SolutionItems) = preProject
		..\.gitignore = ..\.gitignore
		..\LICENSE = ..\LICENSE
		..\Privacy.md = ..\Privacy.md
		..\pull-subtrees.ps1 = ..\pull-subtrees.ps1
		..\push-subtrees-firlib.ps1 = ..\push-subtrees-firlib.ps1
		..\push-subtrees-mapsui.ps1 = ..\push-subtrees-mapsui.ps1
		..\README.md = ..\README.md
	EndProjectSection
EndProject
Project("{2150E333-8FDC-42A3-9474-1A3956D46DE8}") = "subtrees", "subtrees", "{789BC6D1-055B-48D5-A61B-1FF6AD19F37F}"
EndProject
Project("{9A19103F-16F7-4668-BE54-9A1E7A4F7556}") = "FirLib.Core", "..\subtrees\FirLib\src\FirLib.Core\FirLib.Core.csproj", "{2A2AED22-A9FE-496A-91D2-C08D75A07C73}"
EndProject
Project("{9A19103F-16F7-4668-BE54-9A1E7A4F7556}") = "FirLib.Core.Wpf", "..\subtrees\FirLib\src\FirLib.Core.Wpf\FirLib.Core.Wpf.csproj", "{AD89CDBF-A4E7-4EB3-972C-FF996C0D2A10}"
EndProject
Project("{9A19103F-16F7-4668-BE54-9A1E7A4F7556}") = "FirLib.Formats.Gpx", "..\subtrees\FirLib\src\FirLib.Formats.Gpx\FirLib.Formats.Gpx.csproj", "{3A97D992-F06A-4C2A-A486-276250C40CBC}"
EndProject
Project("{2150E333-8FDC-42A3-9474-1A3956D46DE8}") = "FirLib", "FirLib", "{82952984-3B22-4EC8-8210-8883DF7336A1}"
EndProject
Project("{2150E333-8FDC-42A3-9474-1A3956D46DE8}") = "Mapsui", "Mapsui", "{60AA90C3-83C7-434B-8DDD-4DF7080F320F}"
EndProject
Project("{9A19103F-16F7-4668-BE54-9A1E7A4F7556}") = "Mapsui", "..\subtrees\Mapsui\Mapsui\Mapsui.csproj", "{780AEE82-BC8B-46B2-B2A5-6DA9FD44C18A}"
EndProject
Project("{9A19103F-16F7-4668-BE54-9A1E7A4F7556}") = "Mapsui.Rendering.Skia", "..\subtrees\Mapsui\Mapsui.Rendering.Skia\Mapsui.Rendering.Skia.csproj", "{B116B756-61FA-49F3-8A10-C7CFB1603886}"
EndProject
Project("{9A19103F-16F7-4668-BE54-9A1E7A4F7556}") = "Mapsui.Rendering.Xaml", "..\subtrees\Mapsui\Mapsui.Rendering.Xaml\Mapsui.Rendering.Xaml.csproj", "{FBE2308B-9BAA-44CB-8278-7B776FA45C7F}"
EndProject
Project("{9A19103F-16F7-4668-BE54-9A1E7A4F7556}") = "Mapsui.UI.Wpf", "..\subtrees\Mapsui\Mapsui.UI.Wpf\Mapsui.UI.Wpf.csproj", "{FB142F3F-DF93-4FBF-B1CE-F3C3E356AAA5}"
EndProject
Project("{9A19103F-16F7-4668-BE54-9A1E7A4F7556}") = "Mapsui.Geometries", "..\subtrees\Mapsui\Mapsui.Geometries\Mapsui.Geometries.csproj", "{22F28B51-5BFE-4C98-9925-912A85188FCE}"
EndProject
Project("{9A19103F-16F7-4668-BE54-9A1E7A4F7556}") = "GpxViewer.Shell", "GpxViewer.Shell\GpxViewer.Shell.csproj", "{352D3388-0118-4ED8-8F87-6D33510659C4}"
EndProject
Project("{9A19103F-16F7-4668-BE54-9A1E7A4F7556}") = "GpxViewer.Core", "GpxViewer.Core\GpxViewer.Core.csproj", "{FE7535F5-C3D5-42E4-9249-25CF47C0C560}"
EndProject
Project("{9A19103F-16F7-4668-BE54-9A1E7A4F7556}") = "FirLib.Tests", "..\subtrees\FirLib\src\FirLib.Tests\FirLib.Tests.csproj", "{8B3B2131-C828-4AD6-BE68-3CA9675F5BB6}"
EndProject
Project("{9A19103F-16F7-4668-BE54-9A1E7A4F7556}") = "GpxViewer.Shell.Tests", "GpxViewer.Shell.Tests\GpxViewer.Shell.Tests.csproj", "{F0F6BFDE-EC7F-478D-8638-DFB7D70769D7}"
EndProject
Project("{2150E333-8FDC-42A3-9474-1A3956D46DE8}") = "Analyzers", "Analyzers", "{FBBABECF-CEE8-4842-BBD3-688AE86190AF}"
EndProject
Project("{9A19103F-16F7-4668-BE54-9A1E7A4F7556}") = "GpxViewer.Analyzers", "Analyzers\GpxViewer.Analyzers\GpxViewer.Analyzers.csproj", "{C48C078C-0C3B-41E8-BD85-E7DD8F553798}"
EndProject
Project("{9A19103F-16F7-4668-BE54-9A1E7A4F7556}") = "GpxViewer.Analyzers.Test", "Analyzers\GpxViewer.Analyzers.Test\GpxViewer.Analyzers.Test.csproj", "{F5805E83-8DC4-473C-AC9A-DDD01259C399}"
EndProject
Project("{2150E333-8FDC-42A3-9474-1A3956D46DE8}") = "Modules", "Modules", "{677B40DA-3787-4C1E-9A78-F14BBBB82C84}"
	ProjectSection(SolutionItems) = preProject
		Modules\Directory.Build.props = Modules\Directory.Build.props
	EndProjectSection
EndProject
Project("{9A19103F-16F7-4668-BE54-9A1E7A4F7556}") = "GpxViewer.Modules.GpxFiles", "Modules\GpxViewer.Modules.GpxFiles\GpxViewer.Modules.GpxFiles.csproj", "{84D3A0F9-CE78-469E-A550-7FFDA151D0B1}"
EndProject
Project("{9A19103F-16F7-4668-BE54-9A1E7A4F7556}") = "GpxViewer.Modules.GpxFiles.Tests", "Modules\GpxViewer.Modules.GpxFiles.Tests\GpxViewer.Modules.GpxFiles.Tests.csproj", "{B931736A-1696-415C-95AB-213DA278BBC8}"
EndProject
Project("{9A19103F-16F7-4668-BE54-9A1E7A4F7556}") = "GpxViewer.Modules.Map", "Modules\GpxViewer.Modules.Map\GpxViewer.Modules.Map.csproj", "{CC217BF2-55D4-4E40-86C0-239F530A3117}"
EndProject
Project("{9A19103F-16F7-4668-BE54-9A1E7A4F7556}") = "GpxViewer.Modules.Map.Tests", "Modules\GpxViewer.Modules.Map.Tests\GpxViewer.Modules.Map.Tests.csproj", "{9007ACF8-6485-4C75-BEEA-4F2B474C2FB9}"
EndProject
Project("{9A19103F-16F7-4668-BE54-9A1E7A4F7556}") = "GpxViewer.Modules.ElevationProfile", "Modules\GpxViewer.Modules.ElevationProfile\GpxViewer.Modules.ElevationProfile.csproj", "{5185DACB-0E3F-4B0F-8D29-65F4B389327C}"
EndProject
Project("{9A19103F-16F7-4668-BE54-9A1E7A4F7556}") = "GpxViewer.Modules.ElevationProfile.Tests", "Modules\GpxViewer.Modules.ElevationProfile.Tests\GpxViewer.Modules.ElevationProfile.Tests.csproj", "{067872D2-BBDB-43B5-B7C4-D507578A0A4E}"
EndProject
Project("{9A19103F-16F7-4668-BE54-9A1E7A4F7556}") = "GpxViewer.Core.Tests", "GpxViewer.Core.Tests\GpxViewer.Core.Tests.csproj", "{60F324CB-E1D3-46C8-B1D3-0CCBC710336C}"
EndProject
Project("{C7167F0D-BC9F-4E6E-AFE1-012C56B48DB5}") = "GpxViewer.Package", "GpxViewer.Package\GpxViewer.Package.wapproj", "{4D1E2585-D3D4-437D-9DF1-EE80ED34449A}"
EndProject
Project("{2150E333-8FDC-42A3-9474-1A3956D46DE8}") = "media", "media", "{691B2003-C5A6-4989-A66B-47E1C9F74630}"
	ProjectSection(SolutionItems) = preProject
		..\media\screenshot_01.png = ..\media\screenshot_01.png
		..\media\screenshot_02.png = ..\media\screenshot_02.png
	EndProjectSection
EndProject
Project("{2150E333-8FDC-42A3-9474-1A3956D46DE8}") = "src", "src", "{149A88E3-4CE3-4540-944E-FC97577C55F6}"
	ProjectSection(SolutionItems) = preProject
		Directory.Build.props = Directory.Build.props
	EndProjectSection
EndProject
Global
	GlobalSection(SharedMSBuildProjectFiles) = preSolution
		..\subtrees\Mapsui\Mapsui.UI.Shared\Mapsui.UI.Shared.projitems*{fb142f3f-df93-4fbf-b1ce-f3c3e356aaa5}*SharedItemsImports = 5
	EndGlobalSection
	GlobalSection(SolutionConfigurationPlatforms) = preSolution
		Debug|Any CPU = Debug|Any CPU
		Debug|ARM = Debug|ARM
		Debug|ARM64 = Debug|ARM64
		Debug|x64 = Debug|x64
		Debug|x86 = Debug|x86
		Release|Any CPU = Release|Any CPU
		Release|ARM = Release|ARM
		Release|ARM64 = Release|ARM64
		Release|x64 = Release|x64
		Release|x86 = Release|x86
	EndGlobalSection
	GlobalSection(ProjectConfigurationPlatforms) = postSolution
		{2A2AED22-A9FE-496A-91D2-C08D75A07C73}.Debug|Any CPU.ActiveCfg = Debug|Any CPU
		{2A2AED22-A9FE-496A-91D2-C08D75A07C73}.Debug|Any CPU.Build.0 = Debug|Any CPU
		{2A2AED22-A9FE-496A-91D2-C08D75A07C73}.Debug|ARM.ActiveCfg = Debug|Any CPU
		{2A2AED22-A9FE-496A-91D2-C08D75A07C73}.Debug|ARM.Build.0 = Debug|Any CPU
		{2A2AED22-A9FE-496A-91D2-C08D75A07C73}.Debug|ARM64.ActiveCfg = Debug|Any CPU
		{2A2AED22-A9FE-496A-91D2-C08D75A07C73}.Debug|ARM64.Build.0 = Debug|Any CPU
		{2A2AED22-A9FE-496A-91D2-C08D75A07C73}.Debug|x64.ActiveCfg = Debug|Any CPU
		{2A2AED22-A9FE-496A-91D2-C08D75A07C73}.Debug|x64.Build.0 = Debug|Any CPU
		{2A2AED22-A9FE-496A-91D2-C08D75A07C73}.Debug|x86.ActiveCfg = Debug|Any CPU
		{2A2AED22-A9FE-496A-91D2-C08D75A07C73}.Debug|x86.Build.0 = Debug|Any CPU
		{2A2AED22-A9FE-496A-91D2-C08D75A07C73}.Release|Any CPU.ActiveCfg = Release|Any CPU
		{2A2AED22-A9FE-496A-91D2-C08D75A07C73}.Release|Any CPU.Build.0 = Release|Any CPU
		{2A2AED22-A9FE-496A-91D2-C08D75A07C73}.Release|ARM.ActiveCfg = Release|Any CPU
		{2A2AED22-A9FE-496A-91D2-C08D75A07C73}.Release|ARM.Build.0 = Release|Any CPU
		{2A2AED22-A9FE-496A-91D2-C08D75A07C73}.Release|ARM64.ActiveCfg = Release|Any CPU
		{2A2AED22-A9FE-496A-91D2-C08D75A07C73}.Release|ARM64.Build.0 = Release|Any CPU
		{2A2AED22-A9FE-496A-91D2-C08D75A07C73}.Release|x64.ActiveCfg = Release|Any CPU
		{2A2AED22-A9FE-496A-91D2-C08D75A07C73}.Release|x64.Build.0 = Release|Any CPU
		{2A2AED22-A9FE-496A-91D2-C08D75A07C73}.Release|x86.ActiveCfg = Release|Any CPU
		{2A2AED22-A9FE-496A-91D2-C08D75A07C73}.Release|x86.Build.0 = Release|Any CPU
		{AD89CDBF-A4E7-4EB3-972C-FF996C0D2A10}.Debug|Any CPU.ActiveCfg = Debug|Any CPU
		{AD89CDBF-A4E7-4EB3-972C-FF996C0D2A10}.Debug|Any CPU.Build.0 = Debug|Any CPU
		{AD89CDBF-A4E7-4EB3-972C-FF996C0D2A10}.Debug|ARM.ActiveCfg = Debug|Any CPU
		{AD89CDBF-A4E7-4EB3-972C-FF996C0D2A10}.Debug|ARM.Build.0 = Debug|Any CPU
		{AD89CDBF-A4E7-4EB3-972C-FF996C0D2A10}.Debug|ARM64.ActiveCfg = Debug|Any CPU
		{AD89CDBF-A4E7-4EB3-972C-FF996C0D2A10}.Debug|ARM64.Build.0 = Debug|Any CPU
		{AD89CDBF-A4E7-4EB3-972C-FF996C0D2A10}.Debug|x64.ActiveCfg = Debug|Any CPU
		{AD89CDBF-A4E7-4EB3-972C-FF996C0D2A10}.Debug|x64.Build.0 = Debug|Any CPU
		{AD89CDBF-A4E7-4EB3-972C-FF996C0D2A10}.Debug|x86.ActiveCfg = Debug|Any CPU
		{AD89CDBF-A4E7-4EB3-972C-FF996C0D2A10}.Debug|x86.Build.0 = Debug|Any CPU
		{AD89CDBF-A4E7-4EB3-972C-FF996C0D2A10}.Release|Any CPU.ActiveCfg = Release|Any CPU
		{AD89CDBF-A4E7-4EB3-972C-FF996C0D2A10}.Release|Any CPU.Build.0 = Release|Any CPU
		{AD89CDBF-A4E7-4EB3-972C-FF996C0D2A10}.Release|ARM.ActiveCfg = Release|Any CPU
		{AD89CDBF-A4E7-4EB3-972C-FF996C0D2A10}.Release|ARM.Build.0 = Release|Any CPU
		{AD89CDBF-A4E7-4EB3-972C-FF996C0D2A10}.Release|ARM64.ActiveCfg = Release|Any CPU
		{AD89CDBF-A4E7-4EB3-972C-FF996C0D2A10}.Release|ARM64.Build.0 = Release|Any CPU
		{AD89CDBF-A4E7-4EB3-972C-FF996C0D2A10}.Release|x64.ActiveCfg = Release|Any CPU
		{AD89CDBF-A4E7-4EB3-972C-FF996C0D2A10}.Release|x64.Build.0 = Release|Any CPU
		{AD89CDBF-A4E7-4EB3-972C-FF996C0D2A10}.Release|x86.ActiveCfg = Release|Any CPU
		{AD89CDBF-A4E7-4EB3-972C-FF996C0D2A10}.Release|x86.Build.0 = Release|Any CPU
		{3A97D992-F06A-4C2A-A486-276250C40CBC}.Debug|Any CPU.ActiveCfg = Debug|Any CPU
		{3A97D992-F06A-4C2A-A486-276250C40CBC}.Debug|Any CPU.Build.0 = Debug|Any CPU
		{3A97D992-F06A-4C2A-A486-276250C40CBC}.Debug|ARM.ActiveCfg = Debug|Any CPU
		{3A97D992-F06A-4C2A-A486-276250C40CBC}.Debug|ARM.Build.0 = Debug|Any CPU
		{3A97D992-F06A-4C2A-A486-276250C40CBC}.Debug|ARM64.ActiveCfg = Debug|Any CPU
		{3A97D992-F06A-4C2A-A486-276250C40CBC}.Debug|ARM64.Build.0 = Debug|Any CPU
		{3A97D992-F06A-4C2A-A486-276250C40CBC}.Debug|x64.ActiveCfg = Debug|Any CPU
		{3A97D992-F06A-4C2A-A486-276250C40CBC}.Debug|x64.Build.0 = Debug|Any CPU
		{3A97D992-F06A-4C2A-A486-276250C40CBC}.Debug|x86.ActiveCfg = Debug|Any CPU
		{3A97D992-F06A-4C2A-A486-276250C40CBC}.Debug|x86.Build.0 = Debug|Any CPU
		{3A97D992-F06A-4C2A-A486-276250C40CBC}.Release|Any CPU.ActiveCfg = Release|Any CPU
		{3A97D992-F06A-4C2A-A486-276250C40CBC}.Release|Any CPU.Build.0 = Release|Any CPU
		{3A97D992-F06A-4C2A-A486-276250C40CBC}.Release|ARM.ActiveCfg = Release|Any CPU
		{3A97D992-F06A-4C2A-A486-276250C40CBC}.Release|ARM.Build.0 = Release|Any CPU
		{3A97D992-F06A-4C2A-A486-276250C40CBC}.Release|ARM64.ActiveCfg = Release|Any CPU
		{3A97D992-F06A-4C2A-A486-276250C40CBC}.Release|ARM64.Build.0 = Release|Any CPU
		{3A97D992-F06A-4C2A-A486-276250C40CBC}.Release|x64.ActiveCfg = Release|Any CPU
		{3A97D992-F06A-4C2A-A486-276250C40CBC}.Release|x64.Build.0 = Release|Any CPU
		{3A97D992-F06A-4C2A-A486-276250C40CBC}.Release|x86.ActiveCfg = Release|Any CPU
		{3A97D992-F06A-4C2A-A486-276250C40CBC}.Release|x86.Build.0 = Release|Any CPU
		{780AEE82-BC8B-46B2-B2A5-6DA9FD44C18A}.Debug|Any CPU.ActiveCfg = Debug|Any CPU
		{780AEE82-BC8B-46B2-B2A5-6DA9FD44C18A}.Debug|Any CPU.Build.0 = Debug|Any CPU
		{780AEE82-BC8B-46B2-B2A5-6DA9FD44C18A}.Debug|ARM.ActiveCfg = Debug|Any CPU
		{780AEE82-BC8B-46B2-B2A5-6DA9FD44C18A}.Debug|ARM.Build.0 = Debug|Any CPU
		{780AEE82-BC8B-46B2-B2A5-6DA9FD44C18A}.Debug|ARM64.ActiveCfg = Debug|Any CPU
		{780AEE82-BC8B-46B2-B2A5-6DA9FD44C18A}.Debug|ARM64.Build.0 = Debug|Any CPU
		{780AEE82-BC8B-46B2-B2A5-6DA9FD44C18A}.Debug|x64.ActiveCfg = Debug|Any CPU
		{780AEE82-BC8B-46B2-B2A5-6DA9FD44C18A}.Debug|x64.Build.0 = Debug|Any CPU
		{780AEE82-BC8B-46B2-B2A5-6DA9FD44C18A}.Debug|x86.ActiveCfg = Debug|Any CPU
		{780AEE82-BC8B-46B2-B2A5-6DA9FD44C18A}.Debug|x86.Build.0 = Debug|Any CPU
		{780AEE82-BC8B-46B2-B2A5-6DA9FD44C18A}.Release|Any CPU.ActiveCfg = Release|Any CPU
		{780AEE82-BC8B-46B2-B2A5-6DA9FD44C18A}.Release|Any CPU.Build.0 = Release|Any CPU
		{780AEE82-BC8B-46B2-B2A5-6DA9FD44C18A}.Release|ARM.ActiveCfg = Release|Any CPU
		{780AEE82-BC8B-46B2-B2A5-6DA9FD44C18A}.Release|ARM.Build.0 = Release|Any CPU
		{780AEE82-BC8B-46B2-B2A5-6DA9FD44C18A}.Release|ARM64.ActiveCfg = Release|Any CPU
		{780AEE82-BC8B-46B2-B2A5-6DA9FD44C18A}.Release|ARM64.Build.0 = Release|Any CPU
		{780AEE82-BC8B-46B2-B2A5-6DA9FD44C18A}.Release|x64.ActiveCfg = Release|Any CPU
		{780AEE82-BC8B-46B2-B2A5-6DA9FD44C18A}.Release|x64.Build.0 = Release|Any CPU
		{780AEE82-BC8B-46B2-B2A5-6DA9FD44C18A}.Release|x86.ActiveCfg = Release|Any CPU
		{780AEE82-BC8B-46B2-B2A5-6DA9FD44C18A}.Release|x86.Build.0 = Release|Any CPU
		{B116B756-61FA-49F3-8A10-C7CFB1603886}.Debug|Any CPU.ActiveCfg = Debug|Any CPU
		{B116B756-61FA-49F3-8A10-C7CFB1603886}.Debug|Any CPU.Build.0 = Debug|Any CPU
		{B116B756-61FA-49F3-8A10-C7CFB1603886}.Debug|ARM.ActiveCfg = Debug|Any CPU
		{B116B756-61FA-49F3-8A10-C7CFB1603886}.Debug|ARM.Build.0 = Debug|Any CPU
		{B116B756-61FA-49F3-8A10-C7CFB1603886}.Debug|ARM64.ActiveCfg = Debug|Any CPU
		{B116B756-61FA-49F3-8A10-C7CFB1603886}.Debug|ARM64.Build.0 = Debug|Any CPU
		{B116B756-61FA-49F3-8A10-C7CFB1603886}.Debug|x64.ActiveCfg = Debug|Any CPU
		{B116B756-61FA-49F3-8A10-C7CFB1603886}.Debug|x64.Build.0 = Debug|Any CPU
		{B116B756-61FA-49F3-8A10-C7CFB1603886}.Debug|x86.ActiveCfg = Debug|Any CPU
		{B116B756-61FA-49F3-8A10-C7CFB1603886}.Debug|x86.Build.0 = Debug|Any CPU
		{B116B756-61FA-49F3-8A10-C7CFB1603886}.Release|Any CPU.ActiveCfg = Release|Any CPU
		{B116B756-61FA-49F3-8A10-C7CFB1603886}.Release|Any CPU.Build.0 = Release|Any CPU
		{B116B756-61FA-49F3-8A10-C7CFB1603886}.Release|ARM.ActiveCfg = Release|Any CPU
		{B116B756-61FA-49F3-8A10-C7CFB1603886}.Release|ARM.Build.0 = Release|Any CPU
		{B116B756-61FA-49F3-8A10-C7CFB1603886}.Release|ARM64.ActiveCfg = Release|Any CPU
		{B116B756-61FA-49F3-8A10-C7CFB1603886}.Release|ARM64.Build.0 = Release|Any CPU
		{B116B756-61FA-49F3-8A10-C7CFB1603886}.Release|x64.ActiveCfg = Release|Any CPU
		{B116B756-61FA-49F3-8A10-C7CFB1603886}.Release|x64.Build.0 = Release|Any CPU
		{B116B756-61FA-49F3-8A10-C7CFB1603886}.Release|x86.ActiveCfg = Release|Any CPU
		{B116B756-61FA-49F3-8A10-C7CFB1603886}.Release|x86.Build.0 = Release|Any CPU
		{FBE2308B-9BAA-44CB-8278-7B776FA45C7F}.Debug|Any CPU.ActiveCfg = Debug|Any CPU
		{FBE2308B-9BAA-44CB-8278-7B776FA45C7F}.Debug|Any CPU.Build.0 = Debug|Any CPU
		{FBE2308B-9BAA-44CB-8278-7B776FA45C7F}.Debug|ARM.ActiveCfg = Debug|Any CPU
		{FBE2308B-9BAA-44CB-8278-7B776FA45C7F}.Debug|ARM.Build.0 = Debug|Any CPU
		{FBE2308B-9BAA-44CB-8278-7B776FA45C7F}.Debug|ARM64.ActiveCfg = Debug|Any CPU
		{FBE2308B-9BAA-44CB-8278-7B776FA45C7F}.Debug|ARM64.Build.0 = Debug|Any CPU
		{FBE2308B-9BAA-44CB-8278-7B776FA45C7F}.Debug|x64.ActiveCfg = Debug|Any CPU
		{FBE2308B-9BAA-44CB-8278-7B776FA45C7F}.Debug|x64.Build.0 = Debug|Any CPU
		{FBE2308B-9BAA-44CB-8278-7B776FA45C7F}.Debug|x86.ActiveCfg = Debug|Any CPU
		{FBE2308B-9BAA-44CB-8278-7B776FA45C7F}.Debug|x86.Build.0 = Debug|Any CPU
		{FBE2308B-9BAA-44CB-8278-7B776FA45C7F}.Release|Any CPU.ActiveCfg = Release|Any CPU
		{FBE2308B-9BAA-44CB-8278-7B776FA45C7F}.Release|Any CPU.Build.0 = Release|Any CPU
		{FBE2308B-9BAA-44CB-8278-7B776FA45C7F}.Release|ARM.ActiveCfg = Release|Any CPU
		{FBE2308B-9BAA-44CB-8278-7B776FA45C7F}.Release|ARM.Build.0 = Release|Any CPU
		{FBE2308B-9BAA-44CB-8278-7B776FA45C7F}.Release|ARM64.ActiveCfg = Release|Any CPU
		{FBE2308B-9BAA-44CB-8278-7B776FA45C7F}.Release|ARM64.Build.0 = Release|Any CPU
		{FBE2308B-9BAA-44CB-8278-7B776FA45C7F}.Release|x64.ActiveCfg = Release|Any CPU
		{FBE2308B-9BAA-44CB-8278-7B776FA45C7F}.Release|x64.Build.0 = Release|Any CPU
		{FBE2308B-9BAA-44CB-8278-7B776FA45C7F}.Release|x86.ActiveCfg = Release|Any CPU
		{FBE2308B-9BAA-44CB-8278-7B776FA45C7F}.Release|x86.Build.0 = Release|Any CPU
		{FB142F3F-DF93-4FBF-B1CE-F3C3E356AAA5}.Debug|Any CPU.ActiveCfg = Debug|Any CPU
		{FB142F3F-DF93-4FBF-B1CE-F3C3E356AAA5}.Debug|Any CPU.Build.0 = Debug|Any CPU
		{FB142F3F-DF93-4FBF-B1CE-F3C3E356AAA5}.Debug|ARM.ActiveCfg = Debug|Any CPU
		{FB142F3F-DF93-4FBF-B1CE-F3C3E356AAA5}.Debug|ARM.Build.0 = Debug|Any CPU
		{FB142F3F-DF93-4FBF-B1CE-F3C3E356AAA5}.Debug|ARM64.ActiveCfg = Debug|Any CPU
		{FB142F3F-DF93-4FBF-B1CE-F3C3E356AAA5}.Debug|ARM64.Build.0 = Debug|Any CPU
		{FB142F3F-DF93-4FBF-B1CE-F3C3E356AAA5}.Debug|x64.ActiveCfg = Debug|Any CPU
		{FB142F3F-DF93-4FBF-B1CE-F3C3E356AAA5}.Debug|x64.Build.0 = Debug|Any CPU
		{FB142F3F-DF93-4FBF-B1CE-F3C3E356AAA5}.Debug|x86.ActiveCfg = Debug|Any CPU
		{FB142F3F-DF93-4FBF-B1CE-F3C3E356AAA5}.Debug|x86.Build.0 = Debug|Any CPU
		{FB142F3F-DF93-4FBF-B1CE-F3C3E356AAA5}.Release|Any CPU.ActiveCfg = Release|Any CPU
		{FB142F3F-DF93-4FBF-B1CE-F3C3E356AAA5}.Release|Any CPU.Build.0 = Release|Any CPU
		{FB142F3F-DF93-4FBF-B1CE-F3C3E356AAA5}.Release|ARM.ActiveCfg = Release|Any CPU
		{FB142F3F-DF93-4FBF-B1CE-F3C3E356AAA5}.Release|ARM.Build.0 = Release|Any CPU
		{FB142F3F-DF93-4FBF-B1CE-F3C3E356AAA5}.Release|ARM64.ActiveCfg = Release|Any CPU
		{FB142F3F-DF93-4FBF-B1CE-F3C3E356AAA5}.Release|ARM64.Build.0 = Release|Any CPU
		{FB142F3F-DF93-4FBF-B1CE-F3C3E356AAA5}.Release|x64.ActiveCfg = Release|Any CPU
		{FB142F3F-DF93-4FBF-B1CE-F3C3E356AAA5}.Release|x64.Build.0 = Release|Any CPU
		{FB142F3F-DF93-4FBF-B1CE-F3C3E356AAA5}.Release|x86.ActiveCfg = Release|Any CPU
		{FB142F3F-DF93-4FBF-B1CE-F3C3E356AAA5}.Release|x86.Build.0 = Release|Any CPU
		{22F28B51-5BFE-4C98-9925-912A85188FCE}.Debug|Any CPU.ActiveCfg = Debug|Any CPU
		{22F28B51-5BFE-4C98-9925-912A85188FCE}.Debug|Any CPU.Build.0 = Debug|Any CPU
		{22F28B51-5BFE-4C98-9925-912A85188FCE}.Debug|ARM.ActiveCfg = Debug|Any CPU
		{22F28B51-5BFE-4C98-9925-912A85188FCE}.Debug|ARM.Build.0 = Debug|Any CPU
		{22F28B51-5BFE-4C98-9925-912A85188FCE}.Debug|ARM64.ActiveCfg = Debug|Any CPU
		{22F28B51-5BFE-4C98-9925-912A85188FCE}.Debug|ARM64.Build.0 = Debug|Any CPU
		{22F28B51-5BFE-4C98-9925-912A85188FCE}.Debug|x64.ActiveCfg = Debug|Any CPU
		{22F28B51-5BFE-4C98-9925-912A85188FCE}.Debug|x64.Build.0 = Debug|Any CPU
		{22F28B51-5BFE-4C98-9925-912A85188FCE}.Debug|x86.ActiveCfg = Debug|Any CPU
		{22F28B51-5BFE-4C98-9925-912A85188FCE}.Debug|x86.Build.0 = Debug|Any CPU
		{22F28B51-5BFE-4C98-9925-912A85188FCE}.Release|Any CPU.ActiveCfg = Release|Any CPU
		{22F28B51-5BFE-4C98-9925-912A85188FCE}.Release|Any CPU.Build.0 = Release|Any CPU
		{22F28B51-5BFE-4C98-9925-912A85188FCE}.Release|ARM.ActiveCfg = Release|Any CPU
		{22F28B51-5BFE-4C98-9925-912A85188FCE}.Release|ARM.Build.0 = Release|Any CPU
		{22F28B51-5BFE-4C98-9925-912A85188FCE}.Release|ARM64.ActiveCfg = Release|Any CPU
		{22F28B51-5BFE-4C98-9925-912A85188FCE}.Release|ARM64.Build.0 = Release|Any CPU
		{22F28B51-5BFE-4C98-9925-912A85188FCE}.Release|x64.ActiveCfg = Release|Any CPU
		{22F28B51-5BFE-4C98-9925-912A85188FCE}.Release|x64.Build.0 = Release|Any CPU
		{22F28B51-5BFE-4C98-9925-912A85188FCE}.Release|x86.ActiveCfg = Release|Any CPU
		{22F28B51-5BFE-4C98-9925-912A85188FCE}.Release|x86.Build.0 = Release|Any CPU
		{352D3388-0118-4ED8-8F87-6D33510659C4}.Debug|Any CPU.ActiveCfg = Debug|Any CPU
		{352D3388-0118-4ED8-8F87-6D33510659C4}.Debug|Any CPU.Build.0 = Debug|Any CPU
		{352D3388-0118-4ED8-8F87-6D33510659C4}.Debug|ARM.ActiveCfg = Debug|Any CPU
		{352D3388-0118-4ED8-8F87-6D33510659C4}.Debug|ARM.Build.0 = Debug|Any CPU
		{352D3388-0118-4ED8-8F87-6D33510659C4}.Debug|ARM64.ActiveCfg = Debug|Any CPU
		{352D3388-0118-4ED8-8F87-6D33510659C4}.Debug|ARM64.Build.0 = Debug|Any CPU
		{352D3388-0118-4ED8-8F87-6D33510659C4}.Debug|x64.ActiveCfg = Debug|Any CPU
		{352D3388-0118-4ED8-8F87-6D33510659C4}.Debug|x64.Build.0 = Debug|Any CPU
		{352D3388-0118-4ED8-8F87-6D33510659C4}.Debug|x86.ActiveCfg = Debug|Any CPU
		{352D3388-0118-4ED8-8F87-6D33510659C4}.Debug|x86.Build.0 = Debug|Any CPU
		{352D3388-0118-4ED8-8F87-6D33510659C4}.Release|Any CPU.ActiveCfg = Release|Any CPU
		{352D3388-0118-4ED8-8F87-6D33510659C4}.Release|Any CPU.Build.0 = Release|Any CPU
		{352D3388-0118-4ED8-8F87-6D33510659C4}.Release|ARM.ActiveCfg = Release|Any CPU
		{352D3388-0118-4ED8-8F87-6D33510659C4}.Release|ARM.Build.0 = Release|Any CPU
		{352D3388-0118-4ED8-8F87-6D33510659C4}.Release|ARM64.ActiveCfg = Release|Any CPU
		{352D3388-0118-4ED8-8F87-6D33510659C4}.Release|ARM64.Build.0 = Release|Any CPU
		{352D3388-0118-4ED8-8F87-6D33510659C4}.Release|x64.ActiveCfg = Release|Any CPU
		{352D3388-0118-4ED8-8F87-6D33510659C4}.Release|x64.Build.0 = Release|Any CPU
		{352D3388-0118-4ED8-8F87-6D33510659C4}.Release|x86.ActiveCfg = Release|Any CPU
		{352D3388-0118-4ED8-8F87-6D33510659C4}.Release|x86.Build.0 = Release|Any CPU
		{FE7535F5-C3D5-42E4-9249-25CF47C0C560}.Debug|Any CPU.ActiveCfg = Debug|Any CPU
		{FE7535F5-C3D5-42E4-9249-25CF47C0C560}.Debug|Any CPU.Build.0 = Debug|Any CPU
		{FE7535F5-C3D5-42E4-9249-25CF47C0C560}.Debug|ARM.ActiveCfg = Debug|Any CPU
		{FE7535F5-C3D5-42E4-9249-25CF47C0C560}.Debug|ARM.Build.0 = Debug|Any CPU
		{FE7535F5-C3D5-42E4-9249-25CF47C0C560}.Debug|ARM64.ActiveCfg = Debug|Any CPU
		{FE7535F5-C3D5-42E4-9249-25CF47C0C560}.Debug|ARM64.Build.0 = Debug|Any CPU
		{FE7535F5-C3D5-42E4-9249-25CF47C0C560}.Debug|x64.ActiveCfg = Debug|Any CPU
		{FE7535F5-C3D5-42E4-9249-25CF47C0C560}.Debug|x64.Build.0 = Debug|Any CPU
		{FE7535F5-C3D5-42E4-9249-25CF47C0C560}.Debug|x86.ActiveCfg = Debug|Any CPU
		{FE7535F5-C3D5-42E4-9249-25CF47C0C560}.Debug|x86.Build.0 = Debug|Any CPU
		{FE7535F5-C3D5-42E4-9249-25CF47C0C560}.Release|Any CPU.ActiveCfg = Release|Any CPU
		{FE7535F5-C3D5-42E4-9249-25CF47C0C560}.Release|Any CPU.Build.0 = Release|Any CPU
		{FE7535F5-C3D5-42E4-9249-25CF47C0C560}.Release|ARM.ActiveCfg = Release|Any CPU
		{FE7535F5-C3D5-42E4-9249-25CF47C0C560}.Release|ARM.Build.0 = Release|Any CPU
		{FE7535F5-C3D5-42E4-9249-25CF47C0C560}.Release|ARM64.ActiveCfg = Release|Any CPU
		{FE7535F5-C3D5-42E4-9249-25CF47C0C560}.Release|ARM64.Build.0 = Release|Any CPU
		{FE7535F5-C3D5-42E4-9249-25CF47C0C560}.Release|x64.ActiveCfg = Release|Any CPU
		{FE7535F5-C3D5-42E4-9249-25CF47C0C560}.Release|x64.Build.0 = Release|Any CPU
		{FE7535F5-C3D5-42E4-9249-25CF47C0C560}.Release|x86.ActiveCfg = Release|Any CPU
		{FE7535F5-C3D5-42E4-9249-25CF47C0C560}.Release|x86.Build.0 = Release|Any CPU
		{8B3B2131-C828-4AD6-BE68-3CA9675F5BB6}.Debug|Any CPU.ActiveCfg = Debug|Any CPU
		{8B3B2131-C828-4AD6-BE68-3CA9675F5BB6}.Debug|Any CPU.Build.0 = Debug|Any CPU
		{8B3B2131-C828-4AD6-BE68-3CA9675F5BB6}.Debug|ARM.ActiveCfg = Debug|Any CPU
		{8B3B2131-C828-4AD6-BE68-3CA9675F5BB6}.Debug|ARM.Build.0 = Debug|Any CPU
		{8B3B2131-C828-4AD6-BE68-3CA9675F5BB6}.Debug|ARM64.ActiveCfg = Debug|Any CPU
		{8B3B2131-C828-4AD6-BE68-3CA9675F5BB6}.Debug|ARM64.Build.0 = Debug|Any CPU
		{8B3B2131-C828-4AD6-BE68-3CA9675F5BB6}.Debug|x64.ActiveCfg = Debug|Any CPU
		{8B3B2131-C828-4AD6-BE68-3CA9675F5BB6}.Debug|x64.Build.0 = Debug|Any CPU
		{8B3B2131-C828-4AD6-BE68-3CA9675F5BB6}.Debug|x86.ActiveCfg = Debug|Any CPU
		{8B3B2131-C828-4AD6-BE68-3CA9675F5BB6}.Debug|x86.Build.0 = Debug|Any CPU
		{8B3B2131-C828-4AD6-BE68-3CA9675F5BB6}.Release|Any CPU.ActiveCfg = Release|Any CPU
		{8B3B2131-C828-4AD6-BE68-3CA9675F5BB6}.Release|Any CPU.Build.0 = Release|Any CPU
		{8B3B2131-C828-4AD6-BE68-3CA9675F5BB6}.Release|ARM.ActiveCfg = Release|Any CPU
		{8B3B2131-C828-4AD6-BE68-3CA9675F5BB6}.Release|ARM.Build.0 = Release|Any CPU
		{8B3B2131-C828-4AD6-BE68-3CA9675F5BB6}.Release|ARM64.ActiveCfg = Release|Any CPU
		{8B3B2131-C828-4AD6-BE68-3CA9675F5BB6}.Release|ARM64.Build.0 = Release|Any CPU
		{8B3B2131-C828-4AD6-BE68-3CA9675F5BB6}.Release|x64.ActiveCfg = Release|Any CPU
		{8B3B2131-C828-4AD6-BE68-3CA9675F5BB6}.Release|x64.Build.0 = Release|Any CPU
		{8B3B2131-C828-4AD6-BE68-3CA9675F5BB6}.Release|x86.ActiveCfg = Release|Any CPU
		{8B3B2131-C828-4AD6-BE68-3CA9675F5BB6}.Release|x86.Build.0 = Release|Any CPU
		{F0F6BFDE-EC7F-478D-8638-DFB7D70769D7}.Debug|Any CPU.ActiveCfg = Debug|Any CPU
		{F0F6BFDE-EC7F-478D-8638-DFB7D70769D7}.Debug|Any CPU.Build.0 = Debug|Any CPU
		{F0F6BFDE-EC7F-478D-8638-DFB7D70769D7}.Debug|ARM.ActiveCfg = Debug|Any CPU
		{F0F6BFDE-EC7F-478D-8638-DFB7D70769D7}.Debug|ARM.Build.0 = Debug|Any CPU
		{F0F6BFDE-EC7F-478D-8638-DFB7D70769D7}.Debug|ARM64.ActiveCfg = Debug|Any CPU
		{F0F6BFDE-EC7F-478D-8638-DFB7D70769D7}.Debug|ARM64.Build.0 = Debug|Any CPU
		{F0F6BFDE-EC7F-478D-8638-DFB7D70769D7}.Debug|x64.ActiveCfg = Debug|Any CPU
		{F0F6BFDE-EC7F-478D-8638-DFB7D70769D7}.Debug|x64.Build.0 = Debug|Any CPU
		{F0F6BFDE-EC7F-478D-8638-DFB7D70769D7}.Debug|x86.ActiveCfg = Debug|Any CPU
		{F0F6BFDE-EC7F-478D-8638-DFB7D70769D7}.Debug|x86.Build.0 = Debug|Any CPU
		{F0F6BFDE-EC7F-478D-8638-DFB7D70769D7}.Release|Any CPU.ActiveCfg = Release|Any CPU
		{F0F6BFDE-EC7F-478D-8638-DFB7D70769D7}.Release|Any CPU.Build.0 = Release|Any CPU
		{F0F6BFDE-EC7F-478D-8638-DFB7D70769D7}.Release|ARM.ActiveCfg = Release|Any CPU
		{F0F6BFDE-EC7F-478D-8638-DFB7D70769D7}.Release|ARM.Build.0 = Release|Any CPU
		{F0F6BFDE-EC7F-478D-8638-DFB7D70769D7}.Release|ARM64.ActiveCfg = Release|Any CPU
		{F0F6BFDE-EC7F-478D-8638-DFB7D70769D7}.Release|ARM64.Build.0 = Release|Any CPU
		{F0F6BFDE-EC7F-478D-8638-DFB7D70769D7}.Release|x64.ActiveCfg = Release|Any CPU
		{F0F6BFDE-EC7F-478D-8638-DFB7D70769D7}.Release|x64.Build.0 = Release|Any CPU
		{F0F6BFDE-EC7F-478D-8638-DFB7D70769D7}.Release|x86.ActiveCfg = Release|Any CPU
		{F0F6BFDE-EC7F-478D-8638-DFB7D70769D7}.Release|x86.Build.0 = Release|Any CPU
		{C48C078C-0C3B-41E8-BD85-E7DD8F553798}.Debug|Any CPU.ActiveCfg = Debug|Any CPU
		{C48C078C-0C3B-41E8-BD85-E7DD8F553798}.Debug|Any CPU.Build.0 = Debug|Any CPU
		{C48C078C-0C3B-41E8-BD85-E7DD8F553798}.Debug|ARM.ActiveCfg = Debug|Any CPU
		{C48C078C-0C3B-41E8-BD85-E7DD8F553798}.Debug|ARM.Build.0 = Debug|Any CPU
		{C48C078C-0C3B-41E8-BD85-E7DD8F553798}.Debug|ARM64.ActiveCfg = Debug|Any CPU
		{C48C078C-0C3B-41E8-BD85-E7DD8F553798}.Debug|ARM64.Build.0 = Debug|Any CPU
		{C48C078C-0C3B-41E8-BD85-E7DD8F553798}.Debug|x64.ActiveCfg = Debug|Any CPU
		{C48C078C-0C3B-41E8-BD85-E7DD8F553798}.Debug|x64.Build.0 = Debug|Any CPU
		{C48C078C-0C3B-41E8-BD85-E7DD8F553798}.Debug|x86.ActiveCfg = Debug|Any CPU
		{C48C078C-0C3B-41E8-BD85-E7DD8F553798}.Debug|x86.Build.0 = Debug|Any CPU
		{C48C078C-0C3B-41E8-BD85-E7DD8F553798}.Release|Any CPU.ActiveCfg = Release|Any CPU
		{C48C078C-0C3B-41E8-BD85-E7DD8F553798}.Release|Any CPU.Build.0 = Release|Any CPU
		{C48C078C-0C3B-41E8-BD85-E7DD8F553798}.Release|ARM.ActiveCfg = Release|Any CPU
		{C48C078C-0C3B-41E8-BD85-E7DD8F553798}.Release|ARM.Build.0 = Release|Any CPU
		{C48C078C-0C3B-41E8-BD85-E7DD8F553798}.Release|ARM64.ActiveCfg = Release|Any CPU
		{C48C078C-0C3B-41E8-BD85-E7DD8F553798}.Release|ARM64.Build.0 = Release|Any CPU
		{C48C078C-0C3B-41E8-BD85-E7DD8F553798}.Release|x64.ActiveCfg = Release|Any CPU
		{C48C078C-0C3B-41E8-BD85-E7DD8F553798}.Release|x64.Build.0 = Release|Any CPU
		{C48C078C-0C3B-41E8-BD85-E7DD8F553798}.Release|x86.ActiveCfg = Release|Any CPU
		{C48C078C-0C3B-41E8-BD85-E7DD8F553798}.Release|x86.Build.0 = Release|Any CPU
		{F5805E83-8DC4-473C-AC9A-DDD01259C399}.Debug|Any CPU.ActiveCfg = Debug|Any CPU
		{F5805E83-8DC4-473C-AC9A-DDD01259C399}.Debug|Any CPU.Build.0 = Debug|Any CPU
		{F5805E83-8DC4-473C-AC9A-DDD01259C399}.Debug|ARM.ActiveCfg = Debug|Any CPU
		{F5805E83-8DC4-473C-AC9A-DDD01259C399}.Debug|ARM.Build.0 = Debug|Any CPU
		{F5805E83-8DC4-473C-AC9A-DDD01259C399}.Debug|ARM64.ActiveCfg = Debug|Any CPU
		{F5805E83-8DC4-473C-AC9A-DDD01259C399}.Debug|ARM64.Build.0 = Debug|Any CPU
		{F5805E83-8DC4-473C-AC9A-DDD01259C399}.Debug|x64.ActiveCfg = Debug|Any CPU
		{F5805E83-8DC4-473C-AC9A-DDD01259C399}.Debug|x64.Build.0 = Debug|Any CPU
		{F5805E83-8DC4-473C-AC9A-DDD01259C399}.Debug|x86.ActiveCfg = Debug|Any CPU
		{F5805E83-8DC4-473C-AC9A-DDD01259C399}.Debug|x86.Build.0 = Debug|Any CPU
		{F5805E83-8DC4-473C-AC9A-DDD01259C399}.Release|Any CPU.ActiveCfg = Release|Any CPU
		{F5805E83-8DC4-473C-AC9A-DDD01259C399}.Release|Any CPU.Build.0 = Release|Any CPU
		{F5805E83-8DC4-473C-AC9A-DDD01259C399}.Release|ARM.ActiveCfg = Release|Any CPU
		{F5805E83-8DC4-473C-AC9A-DDD01259C399}.Release|ARM.Build.0 = Release|Any CPU
		{F5805E83-8DC4-473C-AC9A-DDD01259C399}.Release|ARM64.ActiveCfg = Release|Any CPU
		{F5805E83-8DC4-473C-AC9A-DDD01259C399}.Release|ARM64.Build.0 = Release|Any CPU
		{F5805E83-8DC4-473C-AC9A-DDD01259C399}.Release|x64.ActiveCfg = Release|Any CPU
		{F5805E83-8DC4-473C-AC9A-DDD01259C399}.Release|x64.Build.0 = Release|Any CPU
		{F5805E83-8DC4-473C-AC9A-DDD01259C399}.Release|x86.ActiveCfg = Release|Any CPU
		{F5805E83-8DC4-473C-AC9A-DDD01259C399}.Release|x86.Build.0 = Release|Any CPU
		{84D3A0F9-CE78-469E-A550-7FFDA151D0B1}.Debug|Any CPU.ActiveCfg = Debug|Any CPU
		{84D3A0F9-CE78-469E-A550-7FFDA151D0B1}.Debug|Any CPU.Build.0 = Debug|Any CPU
		{84D3A0F9-CE78-469E-A550-7FFDA151D0B1}.Debug|ARM.ActiveCfg = Debug|Any CPU
		{84D3A0F9-CE78-469E-A550-7FFDA151D0B1}.Debug|ARM.Build.0 = Debug|Any CPU
		{84D3A0F9-CE78-469E-A550-7FFDA151D0B1}.Debug|ARM64.ActiveCfg = Debug|Any CPU
		{84D3A0F9-CE78-469E-A550-7FFDA151D0B1}.Debug|ARM64.Build.0 = Debug|Any CPU
		{84D3A0F9-CE78-469E-A550-7FFDA151D0B1}.Debug|x64.ActiveCfg = Debug|Any CPU
		{84D3A0F9-CE78-469E-A550-7FFDA151D0B1}.Debug|x64.Build.0 = Debug|Any CPU
		{84D3A0F9-CE78-469E-A550-7FFDA151D0B1}.Debug|x86.ActiveCfg = Debug|Any CPU
		{84D3A0F9-CE78-469E-A550-7FFDA151D0B1}.Debug|x86.Build.0 = Debug|Any CPU
		{84D3A0F9-CE78-469E-A550-7FFDA151D0B1}.Release|Any CPU.ActiveCfg = Release|Any CPU
		{84D3A0F9-CE78-469E-A550-7FFDA151D0B1}.Release|Any CPU.Build.0 = Release|Any CPU
		{84D3A0F9-CE78-469E-A550-7FFDA151D0B1}.Release|ARM.ActiveCfg = Release|Any CPU
		{84D3A0F9-CE78-469E-A550-7FFDA151D0B1}.Release|ARM.Build.0 = Release|Any CPU
		{84D3A0F9-CE78-469E-A550-7FFDA151D0B1}.Release|ARM64.ActiveCfg = Release|Any CPU
		{84D3A0F9-CE78-469E-A550-7FFDA151D0B1}.Release|ARM64.Build.0 = Release|Any CPU
		{84D3A0F9-CE78-469E-A550-7FFDA151D0B1}.Release|x64.ActiveCfg = Release|Any CPU
		{84D3A0F9-CE78-469E-A550-7FFDA151D0B1}.Release|x64.Build.0 = Release|Any CPU
		{84D3A0F9-CE78-469E-A550-7FFDA151D0B1}.Release|x86.ActiveCfg = Release|Any CPU
		{84D3A0F9-CE78-469E-A550-7FFDA151D0B1}.Release|x86.Build.0 = Release|Any CPU
		{B931736A-1696-415C-95AB-213DA278BBC8}.Debug|Any CPU.ActiveCfg = Debug|Any CPU
		{B931736A-1696-415C-95AB-213DA278BBC8}.Debug|Any CPU.Build.0 = Debug|Any CPU
		{B931736A-1696-415C-95AB-213DA278BBC8}.Debug|ARM.ActiveCfg = Debug|Any CPU
		{B931736A-1696-415C-95AB-213DA278BBC8}.Debug|ARM.Build.0 = Debug|Any CPU
		{B931736A-1696-415C-95AB-213DA278BBC8}.Debug|ARM64.ActiveCfg = Debug|Any CPU
		{B931736A-1696-415C-95AB-213DA278BBC8}.Debug|ARM64.Build.0 = Debug|Any CPU
		{B931736A-1696-415C-95AB-213DA278BBC8}.Debug|x64.ActiveCfg = Debug|Any CPU
		{B931736A-1696-415C-95AB-213DA278BBC8}.Debug|x64.Build.0 = Debug|Any CPU
		{B931736A-1696-415C-95AB-213DA278BBC8}.Debug|x86.ActiveCfg = Debug|Any CPU
		{B931736A-1696-415C-95AB-213DA278BBC8}.Debug|x86.Build.0 = Debug|Any CPU
		{B931736A-1696-415C-95AB-213DA278BBC8}.Release|Any CPU.ActiveCfg = Release|Any CPU
		{B931736A-1696-415C-95AB-213DA278BBC8}.Release|Any CPU.Build.0 = Release|Any CPU
		{B931736A-1696-415C-95AB-213DA278BBC8}.Release|ARM.ActiveCfg = Release|Any CPU
		{B931736A-1696-415C-95AB-213DA278BBC8}.Release|ARM.Build.0 = Release|Any CPU
		{B931736A-1696-415C-95AB-213DA278BBC8}.Release|ARM64.ActiveCfg = Release|Any CPU
		{B931736A-1696-415C-95AB-213DA278BBC8}.Release|ARM64.Build.0 = Release|Any CPU
		{B931736A-1696-415C-95AB-213DA278BBC8}.Release|x64.ActiveCfg = Release|Any CPU
		{B931736A-1696-415C-95AB-213DA278BBC8}.Release|x64.Build.0 = Release|Any CPU
		{B931736A-1696-415C-95AB-213DA278BBC8}.Release|x86.ActiveCfg = Release|Any CPU
		{B931736A-1696-415C-95AB-213DA278BBC8}.Release|x86.Build.0 = Release|Any CPU
		{CC217BF2-55D4-4E40-86C0-239F530A3117}.Debug|Any CPU.ActiveCfg = Debug|Any CPU
		{CC217BF2-55D4-4E40-86C0-239F530A3117}.Debug|Any CPU.Build.0 = Debug|Any CPU
		{CC217BF2-55D4-4E40-86C0-239F530A3117}.Debug|ARM.ActiveCfg = Debug|Any CPU
		{CC217BF2-55D4-4E40-86C0-239F530A3117}.Debug|ARM.Build.0 = Debug|Any CPU
		{CC217BF2-55D4-4E40-86C0-239F530A3117}.Debug|ARM64.ActiveCfg = Debug|Any CPU
		{CC217BF2-55D4-4E40-86C0-239F530A3117}.Debug|ARM64.Build.0 = Debug|Any CPU
		{CC217BF2-55D4-4E40-86C0-239F530A3117}.Debug|x64.ActiveCfg = Debug|Any CPU
		{CC217BF2-55D4-4E40-86C0-239F530A3117}.Debug|x64.Build.0 = Debug|Any CPU
		{CC217BF2-55D4-4E40-86C0-239F530A3117}.Debug|x86.ActiveCfg = Debug|Any CPU
		{CC217BF2-55D4-4E40-86C0-239F530A3117}.Debug|x86.Build.0 = Debug|Any CPU
		{CC217BF2-55D4-4E40-86C0-239F530A3117}.Release|Any CPU.ActiveCfg = Release|Any CPU
		{CC217BF2-55D4-4E40-86C0-239F530A3117}.Release|Any CPU.Build.0 = Release|Any CPU
		{CC217BF2-55D4-4E40-86C0-239F530A3117}.Release|ARM.ActiveCfg = Release|Any CPU
		{CC217BF2-55D4-4E40-86C0-239F530A3117}.Release|ARM.Build.0 = Release|Any CPU
		{CC217BF2-55D4-4E40-86C0-239F530A3117}.Release|ARM64.ActiveCfg = Release|Any CPU
		{CC217BF2-55D4-4E40-86C0-239F530A3117}.Release|ARM64.Build.0 = Release|Any CPU
		{CC217BF2-55D4-4E40-86C0-239F530A3117}.Release|x64.ActiveCfg = Release|Any CPU
		{CC217BF2-55D4-4E40-86C0-239F530A3117}.Release|x64.Build.0 = Release|Any CPU
		{CC217BF2-55D4-4E40-86C0-239F530A3117}.Release|x86.ActiveCfg = Release|Any CPU
		{CC217BF2-55D4-4E40-86C0-239F530A3117}.Release|x86.Build.0 = Release|Any CPU
		{9007ACF8-6485-4C75-BEEA-4F2B474C2FB9}.Debug|Any CPU.ActiveCfg = Debug|Any CPU
		{9007ACF8-6485-4C75-BEEA-4F2B474C2FB9}.Debug|Any CPU.Build.0 = Debug|Any CPU
		{9007ACF8-6485-4C75-BEEA-4F2B474C2FB9}.Debug|ARM.ActiveCfg = Debug|Any CPU
		{9007ACF8-6485-4C75-BEEA-4F2B474C2FB9}.Debug|ARM.Build.0 = Debug|Any CPU
		{9007ACF8-6485-4C75-BEEA-4F2B474C2FB9}.Debug|ARM64.ActiveCfg = Debug|Any CPU
		{9007ACF8-6485-4C75-BEEA-4F2B474C2FB9}.Debug|ARM64.Build.0 = Debug|Any CPU
		{9007ACF8-6485-4C75-BEEA-4F2B474C2FB9}.Debug|x64.ActiveCfg = Debug|Any CPU
		{9007ACF8-6485-4C75-BEEA-4F2B474C2FB9}.Debug|x64.Build.0 = Debug|Any CPU
		{9007ACF8-6485-4C75-BEEA-4F2B474C2FB9}.Debug|x86.ActiveCfg = Debug|Any CPU
		{9007ACF8-6485-4C75-BEEA-4F2B474C2FB9}.Debug|x86.Build.0 = Debug|Any CPU
		{9007ACF8-6485-4C75-BEEA-4F2B474C2FB9}.Release|Any CPU.ActiveCfg = Release|Any CPU
		{9007ACF8-6485-4C75-BEEA-4F2B474C2FB9}.Release|Any CPU.Build.0 = Release|Any CPU
		{9007ACF8-6485-4C75-BEEA-4F2B474C2FB9}.Release|ARM.ActiveCfg = Release|Any CPU
		{9007ACF8-6485-4C75-BEEA-4F2B474C2FB9}.Release|ARM.Build.0 = Release|Any CPU
		{9007ACF8-6485-4C75-BEEA-4F2B474C2FB9}.Release|ARM64.ActiveCfg = Release|Any CPU
		{9007ACF8-6485-4C75-BEEA-4F2B474C2FB9}.Release|ARM64.Build.0 = Release|Any CPU
		{9007ACF8-6485-4C75-BEEA-4F2B474C2FB9}.Release|x64.ActiveCfg = Release|Any CPU
		{9007ACF8-6485-4C75-BEEA-4F2B474C2FB9}.Release|x64.Build.0 = Release|Any CPU
		{9007ACF8-6485-4C75-BEEA-4F2B474C2FB9}.Release|x86.ActiveCfg = Release|Any CPU
		{9007ACF8-6485-4C75-BEEA-4F2B474C2FB9}.Release|x86.Build.0 = Release|Any CPU
		{5185DACB-0E3F-4B0F-8D29-65F4B389327C}.Debug|Any CPU.ActiveCfg = Debug|Any CPU
		{5185DACB-0E3F-4B0F-8D29-65F4B389327C}.Debug|Any CPU.Build.0 = Debug|Any CPU
		{5185DACB-0E3F-4B0F-8D29-65F4B389327C}.Debug|ARM.ActiveCfg = Debug|Any CPU
		{5185DACB-0E3F-4B0F-8D29-65F4B389327C}.Debug|ARM.Build.0 = Debug|Any CPU
		{5185DACB-0E3F-4B0F-8D29-65F4B389327C}.Debug|ARM64.ActiveCfg = Debug|Any CPU
		{5185DACB-0E3F-4B0F-8D29-65F4B389327C}.Debug|ARM64.Build.0 = Debug|Any CPU
		{5185DACB-0E3F-4B0F-8D29-65F4B389327C}.Debug|x64.ActiveCfg = Debug|Any CPU
		{5185DACB-0E3F-4B0F-8D29-65F4B389327C}.Debug|x64.Build.0 = Debug|Any CPU
		{5185DACB-0E3F-4B0F-8D29-65F4B389327C}.Debug|x86.ActiveCfg = Debug|Any CPU
		{5185DACB-0E3F-4B0F-8D29-65F4B389327C}.Debug|x86.Build.0 = Debug|Any CPU
		{5185DACB-0E3F-4B0F-8D29-65F4B389327C}.Release|Any CPU.ActiveCfg = Release|Any CPU
		{5185DACB-0E3F-4B0F-8D29-65F4B389327C}.Release|Any CPU.Build.0 = Release|Any CPU
		{5185DACB-0E3F-4B0F-8D29-65F4B389327C}.Release|ARM.ActiveCfg = Release|Any CPU
		{5185DACB-0E3F-4B0F-8D29-65F4B389327C}.Release|ARM.Build.0 = Release|Any CPU
		{5185DACB-0E3F-4B0F-8D29-65F4B389327C}.Release|ARM64.ActiveCfg = Release|Any CPU
		{5185DACB-0E3F-4B0F-8D29-65F4B389327C}.Release|ARM64.Build.0 = Release|Any CPU
		{5185DACB-0E3F-4B0F-8D29-65F4B389327C}.Release|x64.ActiveCfg = Release|Any CPU
		{5185DACB-0E3F-4B0F-8D29-65F4B389327C}.Release|x64.Build.0 = Release|Any CPU
		{5185DACB-0E3F-4B0F-8D29-65F4B389327C}.Release|x86.ActiveCfg = Release|Any CPU
		{5185DACB-0E3F-4B0F-8D29-65F4B389327C}.Release|x86.Build.0 = Release|Any CPU
		{067872D2-BBDB-43B5-B7C4-D507578A0A4E}.Debug|Any CPU.ActiveCfg = Debug|Any CPU
		{067872D2-BBDB-43B5-B7C4-D507578A0A4E}.Debug|Any CPU.Build.0 = Debug|Any CPU
		{067872D2-BBDB-43B5-B7C4-D507578A0A4E}.Debug|ARM.ActiveCfg = Debug|Any CPU
		{067872D2-BBDB-43B5-B7C4-D507578A0A4E}.Debug|ARM.Build.0 = Debug|Any CPU
		{067872D2-BBDB-43B5-B7C4-D507578A0A4E}.Debug|ARM64.ActiveCfg = Debug|Any CPU
		{067872D2-BBDB-43B5-B7C4-D507578A0A4E}.Debug|ARM64.Build.0 = Debug|Any CPU
		{067872D2-BBDB-43B5-B7C4-D507578A0A4E}.Debug|x64.ActiveCfg = Debug|Any CPU
		{067872D2-BBDB-43B5-B7C4-D507578A0A4E}.Debug|x64.Build.0 = Debug|Any CPU
		{067872D2-BBDB-43B5-B7C4-D507578A0A4E}.Debug|x86.ActiveCfg = Debug|Any CPU
		{067872D2-BBDB-43B5-B7C4-D507578A0A4E}.Debug|x86.Build.0 = Debug|Any CPU
		{067872D2-BBDB-43B5-B7C4-D507578A0A4E}.Release|Any CPU.ActiveCfg = Release|Any CPU
		{067872D2-BBDB-43B5-B7C4-D507578A0A4E}.Release|Any CPU.Build.0 = Release|Any CPU
		{067872D2-BBDB-43B5-B7C4-D507578A0A4E}.Release|ARM.ActiveCfg = Release|Any CPU
		{067872D2-BBDB-43B5-B7C4-D507578A0A4E}.Release|ARM.Build.0 = Release|Any CPU
		{067872D2-BBDB-43B5-B7C4-D507578A0A4E}.Release|ARM64.ActiveCfg = Release|Any CPU
		{067872D2-BBDB-43B5-B7C4-D507578A0A4E}.Release|ARM64.Build.0 = Release|Any CPU
		{067872D2-BBDB-43B5-B7C4-D507578A0A4E}.Release|x64.ActiveCfg = Release|Any CPU
		{067872D2-BBDB-43B5-B7C4-D507578A0A4E}.Release|x64.Build.0 = Release|Any CPU
		{067872D2-BBDB-43B5-B7C4-D507578A0A4E}.Release|x86.ActiveCfg = Release|Any CPU
		{067872D2-BBDB-43B5-B7C4-D507578A0A4E}.Release|x86.Build.0 = Release|Any CPU
		{60F324CB-E1D3-46C8-B1D3-0CCBC710336C}.Debug|Any CPU.ActiveCfg = Debug|Any CPU
		{60F324CB-E1D3-46C8-B1D3-0CCBC710336C}.Debug|Any CPU.Build.0 = Debug|Any CPU
		{60F324CB-E1D3-46C8-B1D3-0CCBC710336C}.Debug|ARM.ActiveCfg = Debug|Any CPU
		{60F324CB-E1D3-46C8-B1D3-0CCBC710336C}.Debug|ARM.Build.0 = Debug|Any CPU
		{60F324CB-E1D3-46C8-B1D3-0CCBC710336C}.Debug|ARM64.ActiveCfg = Debug|Any CPU
		{60F324CB-E1D3-46C8-B1D3-0CCBC710336C}.Debug|ARM64.Build.0 = Debug|Any CPU
		{60F324CB-E1D3-46C8-B1D3-0CCBC710336C}.Debug|x64.ActiveCfg = Debug|Any CPU
		{60F324CB-E1D3-46C8-B1D3-0CCBC710336C}.Debug|x64.Build.0 = Debug|Any CPU
		{60F324CB-E1D3-46C8-B1D3-0CCBC710336C}.Debug|x86.ActiveCfg = Debug|Any CPU
		{60F324CB-E1D3-46C8-B1D3-0CCBC710336C}.Debug|x86.Build.0 = Debug|Any CPU
		{60F324CB-E1D3-46C8-B1D3-0CCBC710336C}.Release|Any CPU.ActiveCfg = Release|Any CPU
		{60F324CB-E1D3-46C8-B1D3-0CCBC710336C}.Release|Any CPU.Build.0 = Release|Any CPU
		{60F324CB-E1D3-46C8-B1D3-0CCBC710336C}.Release|ARM.ActiveCfg = Release|Any CPU
		{60F324CB-E1D3-46C8-B1D3-0CCBC710336C}.Release|ARM.Build.0 = Release|Any CPU
		{60F324CB-E1D3-46C8-B1D3-0CCBC710336C}.Release|ARM64.ActiveCfg = Release|Any CPU
		{60F324CB-E1D3-46C8-B1D3-0CCBC710336C}.Release|ARM64.Build.0 = Release|Any CPU
		{60F324CB-E1D3-46C8-B1D3-0CCBC710336C}.Release|x64.ActiveCfg = Release|Any CPU
		{60F324CB-E1D3-46C8-B1D3-0CCBC710336C}.Release|x64.Build.0 = Release|Any CPU
		{60F324CB-E1D3-46C8-B1D3-0CCBC710336C}.Release|x86.ActiveCfg = Release|Any CPU
		{60F324CB-E1D3-46C8-B1D3-0CCBC710336C}.Release|x86.Build.0 = Release|Any CPU
		{4D1E2585-D3D4-437D-9DF1-EE80ED34449A}.Debug|Any CPU.ActiveCfg = Debug|Any CPU
		{4D1E2585-D3D4-437D-9DF1-EE80ED34449A}.Debug|Any CPU.Build.0 = Debug|Any CPU
		{4D1E2585-D3D4-437D-9DF1-EE80ED34449A}.Debug|Any CPU.Deploy.0 = Debug|Any CPU
		{4D1E2585-D3D4-437D-9DF1-EE80ED34449A}.Debug|ARM.ActiveCfg = Debug|ARM
		{4D1E2585-D3D4-437D-9DF1-EE80ED34449A}.Debug|ARM.Build.0 = Debug|ARM
		{4D1E2585-D3D4-437D-9DF1-EE80ED34449A}.Debug|ARM.Deploy.0 = Debug|ARM
		{4D1E2585-D3D4-437D-9DF1-EE80ED34449A}.Debug|ARM64.ActiveCfg = Debug|ARM64
		{4D1E2585-D3D4-437D-9DF1-EE80ED34449A}.Debug|ARM64.Build.0 = Debug|ARM64
		{4D1E2585-D3D4-437D-9DF1-EE80ED34449A}.Debug|ARM64.Deploy.0 = Debug|ARM64
		{4D1E2585-D3D4-437D-9DF1-EE80ED34449A}.Debug|x64.ActiveCfg = Debug|x64
		{4D1E2585-D3D4-437D-9DF1-EE80ED34449A}.Debug|x64.Build.0 = Debug|x64
		{4D1E2585-D3D4-437D-9DF1-EE80ED34449A}.Debug|x64.Deploy.0 = Debug|x64
		{4D1E2585-D3D4-437D-9DF1-EE80ED34449A}.Debug|x86.ActiveCfg = Debug|x86
		{4D1E2585-D3D4-437D-9DF1-EE80ED34449A}.Debug|x86.Build.0 = Debug|x86
		{4D1E2585-D3D4-437D-9DF1-EE80ED34449A}.Debug|x86.Deploy.0 = Debug|x86
		{4D1E2585-D3D4-437D-9DF1-EE80ED34449A}.Release|Any CPU.ActiveCfg = Release|Any CPU
		{4D1E2585-D3D4-437D-9DF1-EE80ED34449A}.Release|Any CPU.Build.0 = Release|Any CPU
		{4D1E2585-D3D4-437D-9DF1-EE80ED34449A}.Release|Any CPU.Deploy.0 = Release|Any CPU
		{4D1E2585-D3D4-437D-9DF1-EE80ED34449A}.Release|ARM.ActiveCfg = Release|ARM
		{4D1E2585-D3D4-437D-9DF1-EE80ED34449A}.Release|ARM.Build.0 = Release|ARM
		{4D1E2585-D3D4-437D-9DF1-EE80ED34449A}.Release|ARM.Deploy.0 = Release|ARM
		{4D1E2585-D3D4-437D-9DF1-EE80ED34449A}.Release|ARM64.ActiveCfg = Release|ARM64
		{4D1E2585-D3D4-437D-9DF1-EE80ED34449A}.Release|ARM64.Build.0 = Release|ARM64
		{4D1E2585-D3D4-437D-9DF1-EE80ED34449A}.Release|ARM64.Deploy.0 = Release|ARM64
		{4D1E2585-D3D4-437D-9DF1-EE80ED34449A}.Release|x64.ActiveCfg = Release|x64
		{4D1E2585-D3D4-437D-9DF1-EE80ED34449A}.Release|x64.Build.0 = Release|x64
		{4D1E2585-D3D4-437D-9DF1-EE80ED34449A}.Release|x64.Deploy.0 = Release|x64
		{4D1E2585-D3D4-437D-9DF1-EE80ED34449A}.Release|x86.ActiveCfg = Release|x86
		{4D1E2585-D3D4-437D-9DF1-EE80ED34449A}.Release|x86.Build.0 = Release|x86
		{4D1E2585-D3D4-437D-9DF1-EE80ED34449A}.Release|x86.Deploy.0 = Release|x86
	EndGlobalSection
	GlobalSection(SolutionProperties) = preSolution
		HideSolutionNode = FALSE
	EndGlobalSection
	GlobalSection(NestedProjects) = preSolution
		{789BC6D1-055B-48D5-A61B-1FF6AD19F37F} = {FE293C28-A70D-44D7-9516-9C258B831AF1}
		{2A2AED22-A9FE-496A-91D2-C08D75A07C73} = {82952984-3B22-4EC8-8210-8883DF7336A1}
		{AD89CDBF-A4E7-4EB3-972C-FF996C0D2A10} = {82952984-3B22-4EC8-8210-8883DF7336A1}
		{3A97D992-F06A-4C2A-A486-276250C40CBC} = {82952984-3B22-4EC8-8210-8883DF7336A1}
		{82952984-3B22-4EC8-8210-8883DF7336A1} = {789BC6D1-055B-48D5-A61B-1FF6AD19F37F}
		{60AA90C3-83C7-434B-8DDD-4DF7080F320F} = {789BC6D1-055B-48D5-A61B-1FF6AD19F37F}
		{780AEE82-BC8B-46B2-B2A5-6DA9FD44C18A} = {60AA90C3-83C7-434B-8DDD-4DF7080F320F}
		{B116B756-61FA-49F3-8A10-C7CFB1603886} = {60AA90C3-83C7-434B-8DDD-4DF7080F320F}
		{FBE2308B-9BAA-44CB-8278-7B776FA45C7F} = {60AA90C3-83C7-434B-8DDD-4DF7080F320F}
		{FB142F3F-DF93-4FBF-B1CE-F3C3E356AAA5} = {60AA90C3-83C7-434B-8DDD-4DF7080F320F}
		{22F28B51-5BFE-4C98-9925-912A85188FCE} = {60AA90C3-83C7-434B-8DDD-4DF7080F320F}
		{8B3B2131-C828-4AD6-BE68-3CA9675F5BB6} = {82952984-3B22-4EC8-8210-8883DF7336A1}
		{C48C078C-0C3B-41E8-BD85-E7DD8F553798} = {FBBABECF-CEE8-4842-BBD3-688AE86190AF}
		{F5805E83-8DC4-473C-AC9A-DDD01259C399} = {FBBABECF-CEE8-4842-BBD3-688AE86190AF}
		{84D3A0F9-CE78-469E-A550-7FFDA151D0B1} = {677B40DA-3787-4C1E-9A78-F14BBBB82C84}
		{B931736A-1696-415C-95AB-213DA278BBC8} = {677B40DA-3787-4C1E-9A78-F14BBBB82C84}
		{CC217BF2-55D4-4E40-86C0-239F530A3117} = {677B40DA-3787-4C1E-9A78-F14BBBB82C84}
		{9007ACF8-6485-4C75-BEEA-4F2B474C2FB9} = {677B40DA-3787-4C1E-9A78-F14BBBB82C84}
		{5185DACB-0E3F-4B0F-8D29-65F4B389327C} = {677B40DA-3787-4C1E-9A78-F14BBBB82C84}
		{067872D2-BBDB-43B5-B7C4-D507578A0A4E} = {677B40DA-3787-4C1E-9A78-F14BBBB82C84}
		{691B2003-C5A6-4989-A66B-47E1C9F74630} = {FE293C28-A70D-44D7-9516-9C258B831AF1}
		{149A88E3-4CE3-4540-944E-FC97577C55F6} = {FE293C28-A70D-44D7-9516-9C258B831AF1}
	EndGlobalSection
	GlobalSection(ExtensibilityGlobals) = postSolution
		SolutionGuid = {310B6985-646D-4ACE-AB15-42C7B617D16A}
	EndGlobalSection
EndGlobal
